{
  "name": "javascprit",
  "version": "1.0.0",
  "lockfileVersion": 1,
  "requires": true,
  "dependencies": {
    "alert-node": {
      "version": "3.0.11",
      "resolved": "https://registry.npmjs.org/alert-node/-/alert-node-3.0.11.tgz",
      "integrity": "sha512-O8ot3ra3qYx8porQc8ug23e7qMiVtRAGUrgauGDITTxffLqmWlk90bf0JUhbD1jd5s1+0EUq9T87ZI0N52to8Q==",
      "requires": {
        "is-program-installed": "2.0.7"
      }
    },
    "is-program-installed": {
      "version": "2.0.7",
      "resolved": "https://registry.npmjs.org/is-program-installed/-/is-program-installed-2.0.7.tgz",
      "integrity": "sha512-uunad1pkcM4mTMHiu3cMAfVteHZ4pvl4BGUIVdPv/Iu1XcylxDYd8Cfo+1pWFf77qRkWoPZPsmUkBAsHFAk2xA=="
    }
  }
}
